
Microsoft Visual Studio Solution File, Format Version 12.00
# Visual Studio Version 17
VisualStudioVersion = 17.13.36105.23 d17.13
MinimumVisualStudioVersion = 10.0.40219.1
Project("{FAE04EC0-301F-11D3-BF4B-00C04F79EFBC}") = "Console", "Console\Console.csproj", "{18A965F4-1F30-4E1A-8A29-D31B3A8F03EF}"
EndProject
Project("{FAE04EC0-301F-11D3-BF4B-00C04F79EFBC}") = "Web", "Web\Web.csproj", "{13F296B2-BA4B-43CA-9122-DC8D7FC9A035}"
EndProject
Project("{FAE04EC0-301F-11D3-BF4B-00C04F79EFBC}") = "DynamicValidation", "DynamicValidation\DynamicValidation.csproj", "{3EA965D5-F832-4A57-BD20-A44736939482}"
EndProject
Project("{FAE04EC0-301F-11D3-BF4B-00C04F79EFBC}") = "DymamicValidation2", "DymamicValidation2\DymamicValidation2.csproj", "{B87C19C6-050C-4011-A142-44A00D997DA3}"
EndProject
Project("{FAE04EC0-301F-11D3-BF4B-00C04F79EFBC}") = "DymamicValidationConsole2", "DymamicValidationConsole2\DymamicValidationConsole2.csproj", "{7A36A850-8125-464F-8E0D-5CF7DA383D29}"
EndProject
Project("{FAE04EC0-301F-11D3-BF4B-00C04F79EFBC}") = "BlazorDynamicObjectBinding", "BlazorDynamicObjectBinding\BlazorDynamicObjectBinding.csproj", "{95923C7F-FC90-47E8-B0A5-C3482AE2C613}"
EndProject
Global
	GlobalSection(SolutionConfigurationPlatforms) = preSolution
		Debug|Any CPU = Debug|Any CPU
		Release|Any CPU = Release|Any CPU
	EndGlobalSection
	GlobalSection(ProjectConfigurationPlatforms) = postSolution
		{18A965F4-1F30-4E1A-8A29-D31B3A8F03EF}.Debug|Any CPU.ActiveCfg = Debug|Any CPU
		{18A965F4-1F30-4E1A-8A29-D31B3A8F03EF}.Debug|Any CPU.Build.0 = Debug|Any CPU
		{18A965F4-1F30-4E1A-8A29-D31B3A8F03EF}.Release|Any CPU.ActiveCfg = Release|Any CPU
		{18A965F4-1F30-4E1A-8A29-D31B3A8F03EF}.Release|Any CPU.Build.0 = Release|Any CPU
		{13F296B2-BA4B-43CA-9122-DC8D7FC9A035}.Debug|Any CPU.ActiveCfg = Debug|Any CPU
		{13F296B2-BA4B-43CA-9122-DC8D7FC9A035}.Debug|Any CPU.Build.0 = Debug|Any CPU
		{13F296B2-BA4B-43CA-9122-DC8D7FC9A035}.Release|Any CPU.ActiveCfg = Release|Any CPU
		{13F296B2-BA4B-43CA-9122-DC8D7FC9A035}.Release|Any CPU.Build.0 = Release|Any CPU
		{3EA965D5-F832-4A57-BD20-A44736939482}.Debug|Any CPU.ActiveCfg = Debug|Any CPU
		{3EA965D5-F832-4A57-BD20-A44736939482}.Debug|Any CPU.Build.0 = Debug|Any CPU
		{3EA965D5-F832-4A57-BD20-A44736939482}.Release|Any CPU.ActiveCfg = Release|Any CPU
		{3EA965D5-F832-4A57-BD20-A44736939482}.Release|Any CPU.Build.0 = Release|Any CPU
		{B87C19C6-050C-4011-A142-44A00D997DA3}.Debug|Any CPU.ActiveCfg = Debug|Any CPU
		{B87C19C6-050C-4011-A142-44A00D997DA3}.Debug|Any CPU.Build.0 = Debug|Any CPU
		{B87C19C6-050C-4011-A142-44A00D997DA3}.Release|Any CPU.ActiveCfg = Release|Any CPU
		{B87C19C6-050C-4011-A142-44A00D997DA3}.Release|Any CPU.Build.0 = Release|Any CPU
		{7A36A850-8125-464F-8E0D-5CF7DA383D29}.Debug|Any CPU.ActiveCfg = Debug|Any CPU
		{7A36A850-8125-464F-8E0D-5CF7DA383D29}.Debug|Any CPU.Build.0 = Debug|Any CPU
		{7A36A850-8125-464F-8E0D-5CF7DA383D29}.Release|Any CPU.ActiveCfg = Release|Any CPU
		{7A36A850-8125-464F-8E0D-5CF7DA383D29}.Release|Any CPU.Build.0 = Release|Any CPU
		{95923C7F-FC90-47E8-B0A5-C3482AE2C613}.Debug|Any CPU.ActiveCfg = Debug|Any CPU
		{95923C7F-FC90-47E8-B0A5-C3482AE2C613}.Debug|Any CPU.Build.0 = Debug|Any CPU
		{95923C7F-FC90-47E8-B0A5-C3482AE2C613}.Release|Any CPU.ActiveCfg = Release|Any CPU
		{95923C7F-FC90-47E8-B0A5-C3482AE2C613}.Release|Any CPU.Build.0 = Release|Any CPU
	EndGlobalSection
	GlobalSection(SolutionProperties) = preSolution
		HideSolutionNode = FALSE
	EndGlobalSection
	GlobalSection(ExtensibilityGlobals) = postSolution
		SolutionGuid = {78C3492A-20AF-4487-A0D5-9A34F191381F}
	EndGlobalSection
EndGlobal
